<?xml version="1.0" encoding="utf-8"?>
<Project ToolsVersion="4.0" xmlns="http://schemas.microsoft.com/developer/msbuild/2003">
  <ItemGroup>
    <Filter Include="소스 파일">
      <UniqueIdentifier>{4FC737F1-C7A5-4376-A066-2A32D752A2FF}</UniqueIdentifier>
      <Extensions>cpp;c;cc;cxx;def;odl;idl;hpj;bat;asm;asmx</Extensions>
    </Filter>
    <Filter Include="헤더 파일">
      <UniqueIdentifier>{93995380-89BD-4b04-88EB-625FBE52EBFB}</UniqueIdentifier>
      <Extensions>h;hpp;hxx;hm;inl;inc;xsd</Extensions>
    </Filter>
    <Filter Include="리소스 파일">
      <UniqueIdentifier>{67DA6AB6-F800-4c08-8B7A-83BB121AAD01}</UniqueIdentifier>
      <Extensions>rc;ico;cur;bmp;dlg;rc2;rct;bin;rgs;gif;jpg;jpeg;jpe;resx;tiff;tif;png;wav;mfcribbon-ms</Extensions>
    </Filter>
    <Filter Include="build">
      <UniqueIdentifier>{bac4c232-4d3b-45b1-94ac-360b55bd0557}</UniqueIdentifier>
    </Filter>
  </ItemGroup>
  <ItemGroup>
    <ClCompile Include="DriverDebug.cpp">
      <Filter>소스 파일</Filter>
    </ClCompile>
    <ClCompile Include="DriverEntry.cpp">
      <Filter>소스 파일</Filter>
    </ClCompile>
    <ClCompile Include="fc_drv_util.cpp">
      <Filter>소스 파일</Filter>
    </ClCompile>
    <ClCompile Include="start_vm.cpp">
      <Filter>소스 파일</Filter>
    </ClCompile>
  </ItemGroup>
  <ItemGroup>
    <ClInclude Include="arch.h">
      <Filter>헤더 파일</Filter>
    </ClInclude>
    <ClInclude Include="asm_function.h">
      <Filter>헤더 파일</Filter>
    </ClInclude>
    <ClInclude Include="DriverDebug.h">
      <Filter>헤더 파일</Filter>
    </ClInclude>
    <ClInclude Include="DriverHeader.h">
      <Filter>헤더 파일</Filter>
    </ClInclude>
    <ClInclude Include="fc_drv_util.h">
      <Filter>헤더 파일</Filter>
    </ClInclude>
    <ClInclude Include="start_vm.h">
      <Filter>헤더 파일</Filter>
    </ClInclude>
  </ItemGroup>
  <ItemGroup>
    <None Include="ddkbuild.bat">
      <Filter>build</Filter>
    </None>
    <None Include="labdrv.build.bat">
      <Filter>build</Filter>
    </None>
  </ItemGroup>
  <ItemGroup>
    <Text Include="MAKEFILE">
      <Filter>build</Filter>
    </Text>
    <Text Include="SOURCES">
      <Filter>build</Filter>
    </Text>
  </ItemGroup>
</Project>