
Microsoft Visual Studio Solution File, Format Version 12.00
# Visual Studio 2012
Project("{8BC9CEB8-8B4A-11D0-8D11-00A0C91BC942}") = "solution1", "solution1\solution1.vcxproj", "{01638774-66D6-425E-A5F2-95FE678A99BB}"
EndProject
Project("{8BC9CEB8-8B4A-11D0-8D11-00A0C91BC942}") = "hama_app", "Win32Project1\Win32Project1.vcxproj", "{4DCCAE39-C978-4BD7-B1C9-B3AC319CCB99}"
EndProject
Project("{8BC9CEB8-8B4A-11D0-8D11-00A0C91BC942}") = "hama_sys", "hama_sys\hama_sys.vcxproj", "{A6C142D6-E3F8-408A-BE91-F69827178533}"
EndProject
Global
	GlobalSection(SolutionConfigurationPlatforms) = preSolution
		Debug|Win32 = Debug|Win32
		Release|Win32 = Release|Win32
	EndGlobalSection
	GlobalSection(ProjectConfigurationPlatforms) = postSolution
		{01638774-66D6-425E-A5F2-95FE678A99BB}.Debug|Win32.ActiveCfg = Debug|Win32
		{01638774-66D6-425E-A5F2-95FE678A99BB}.Debug|Win32.Build.0 = Debug|Win32
		{01638774-66D6-425E-A5F2-95FE678A99BB}.Release|Win32.ActiveCfg = Release|Win32
		{01638774-66D6-425E-A5F2-95FE678A99BB}.Release|Win32.Build.0 = Release|Win32
		{4DCCAE39-C978-4BD7-B1C9-B3AC319CCB99}.Debug|Win32.ActiveCfg = Debug|Win32
		{4DCCAE39-C978-4BD7-B1C9-B3AC319CCB99}.Debug|Win32.Build.0 = Debug|Win32
		{4DCCAE39-C978-4BD7-B1C9-B3AC319CCB99}.Release|Win32.ActiveCfg = Release|Win32
		{4DCCAE39-C978-4BD7-B1C9-B3AC319CCB99}.Release|Win32.Build.0 = Release|Win32
		{A6C142D6-E3F8-408A-BE91-F69827178533}.Debug|Win32.ActiveCfg = Debug|Win32
		{A6C142D6-E3F8-408A-BE91-F69827178533}.Debug|Win32.Build.0 = Debug|Win32
		{A6C142D6-E3F8-408A-BE91-F69827178533}.Release|Win32.ActiveCfg = Release|Win32
		{A6C142D6-E3F8-408A-BE91-F69827178533}.Release|Win32.Build.0 = Release|Win32
	EndGlobalSection
	GlobalSection(SolutionProperties) = preSolution
		HideSolutionNode = FALSE
	EndGlobalSection
EndGlobal
